// !$*UTF8*$!
{
	archiveVersion = 1;
	classes = {
	};
	objectVersion = 46;
	objects = {

/* Begin PBXBuildFile section */
		E9968C071F219C42009B3FC0 /* AppDelegate.swift in Sources */ = {isa = PBXBuildFile; fileRef = E9968C061F219C42009B3FC0 /* AppDelegate.swift */; };
		E9968C091F219C42009B3FC0 /* ViewController.swift in Sources */ = {isa = PBXBuildFile; fileRef = E9968C081F219C42009B3FC0 /* ViewController.swift */; };
		E9968C0C1F219C42009B3FC0 /* Main.storyboard in Resources */ = {isa = PBXBuildFile; fileRef = E9968C0A1F219C42009B3FC0 /* Main.storyboard */; };
		E9968C0E1F219C42009B3FC0 /* Assets.xcassets in Resources */ = {isa = PBXBuildFile; fileRef = E9968C0D1F219C42009B3FC0 /* Assets.xcassets */; };
		E9968C111F219C42009B3FC0 /* LaunchScreen.storyboard in Resources */ = {isa = PBXBuildFile; fileRef = E9968C0F1F219C42009B3FC0 /* LaunchScreen.storyboard */; };
		E9968C191F219C96009B3FC0 /* GameSound.wav in Resources */ = {isa = PBXBuildFile; fileRef = E9968C181F219C96009B3FC0 /* GameSound.wav */; };
/* End PBXBuildFile section */

/* Begin PBXFileReference section */
		E9968C031F219C42009B3FC0 /* QuizApp.app */ = {isa = PBXFileReference; explicitFileType = wrapper.application; includeInIndex = 0; path = QuizApp.app; sourceTree = BUILT_PRODUCTS_DIR; };
		E9968C061F219C42009B3FC0 /* AppDelegate.swift */ = {isa = PBXFileReference; lastKnownFileType = sourcecode.swift; path = AppDelegate.swift; sourceTree = "<group>"; };
		E9968C081F219C42009B3FC0 /* ViewController.swift */ = {isa = PBXFileReference; lastKnownFileType = sourcecode.swift; path = ViewController.swift; sourceTree = "<group>"; };
		E9968C0B1F219C42009B3FC0 /* Base */ = {isa = PBXFileReference; lastKnownFileType = file.storyboard; name = Base; path = Base.lproj/Main.storyboard; sourceTree = "<group>"; };
		E9968C0D1F219C42009B3FC0 /* Assets.xcassets */ = {isa = PBXFileReference; lastKnownFileType = folder.assetcatalog; path = Assets.xcassets; sourceTree = "<group>"; };
		E9968C101F219C42009B3FC0 /* Base */ = {isa = PBXFileReference; lastKnownFileType = file.storyboard; name = Base; path = Base.lproj/LaunchScreen.storyboard; sourceTree = "<group>"; };
		E9968C121F219C42009B3FC0 /* Info.plist */ = {isa = PBXFileReference; lastKnownFileType = text.plist.xml; path = Info.plist; sourceTree = "<group>"; };
		E9968C181F219C96009B3FC0 /* GameSound.wav */ = {isa = PBXFileReference; lastKnownFileType = audio.wav; path = GameSound.wav; sourceTree = "<group>"; };
/* End PBXFileReference section */

/* Begin PBXFrameworksBuildPhase section */
		E9968C001F219C42009B3FC0 /* Frameworks */ = {
			isa = PBXFrameworksBuildPhase;
			buildActionMask = 2147483647;
			files = (
			);
			runOnlyForDeploymentPostprocessing = 0;
		};
/* End PBXFrameworksBuildPhase section */

/* Begin PBXGroup section */
		E9968BFA1F219C42009B3FC0 = {
			isa = PBXGroup;
			children = (
				E9968C051F219C42009B3FC0 /* QuizApp */,
				E9968C041F219C42009B3FC0 /* Products */,
			);
			sourceTree = "<group>";
		};
		E9968C041F219C42009B3FC0 /* Products */ = {
			isa = PBXGroup;
			children = (
				E9968C031F219C42009B3FC0 /* QuizApp.app */,
			);
			name = Products;
			sourceTree = "<group>";
		};
		E9968C051F219C42009B3FC0 /* QuizApp */ = {
			isa = PBXGroup;
			children = (
				E9968C061F219C42009B3FC0 /* AppDelegate.swift */,
				E9968C081F219C42009B3FC0 /* ViewController.swift */,
				E9968C0A1F219C42009B3FC0 /* Main.storyboard */,
				E9968C0D1F219C42009B3FC0 /* Assets.xcassets */,
				E9968C0F1F219C42009B3FC0 /* LaunchScreen.storyboard */,
				E9968C121F219C42009B3FC0 /* Info.plist */,
				E9968C181F219C96009B3FC0 /* GameSound.wav */,
			);
			path = QuizApp;
			sourceTree = "<group>";
		};
/* End PBXGroup section */

/* Begin PBXNativeTarget section */
		E9968C021F219C42009B3FC0 /* QuizApp */ = {
			isa = PBXNativeTarget;
			buildConfigurationList = E9968C151F219C42009B3FC0 /* Build configuration list for PBXNativeTarget "QuizApp" */;
			buildPhases = (
				E9968BFF1F219C42009B3FC0 /* Sources */,
				E9968C001F219C42009B3FC0 /* Frameworks */,
				E9968C011F219C42009B3FC0 /* Resources */,
			);
			buildRules = (
			);
			dependencies = (
			);
			name = QuizApp;
			productName = QuizApp;
			productReference = E9968C031F219C42009B3FC0 /* QuizApp.app */;
			productType = "com.apple.product-type.application";
		};
/* End PBXNativeTarget section */

/* Begin PBXProject section */
		E9968BFB1F219C42009B3FC0 /* Project object */ = {
			isa = PBXProject;
			attributes = {
				LastSwiftUpdateCheck = 0830;
				LastUpgradeCheck = 0830;
				ORGANIZATIONNAME = "Khalid Alrashed";
				TargetAttributes = {
					E9968C021F219C42009B3FC0 = {
						CreatedOnToolsVersion = 8.3.3;
						DevelopmentTeam = MD894V3P79;
						ProvisioningStyle = Automatic;
					};
				};
			};
			buildConfigurationList = E9968BFE1F219C42009B3FC0 /* Build configuration list for PBXProject "QuizApp" */;
			compatibilityVersion = "Xcode 3.2";
			developmentRegion = English;
			hasScannedForEncodings = 0;
			knownRegions = (
				en,
				Base,
			);
			mainGroup = E9968BFA1F219C42009B3FC0;
			productRefGroup = E9968C041F219C42009B3FC0 /* Products */;
			projectDirPath = "";
			projectRoot = "";
			targets = (
				E9968C021F219C42009B3FC0 /* QuizApp */,
			);
		};
/* End PBXProject section */

/* Begin PBXResourcesBuildPhase section */
		E9968C011F219C42009B3FC0 /* Resources */ = {
			isa = PBXResourcesBuildPhase;
			buildActionMask = 2147483647;
			files = (
				E9968C191F219C96009B3FC0 /* GameSound.wav in Resources */,
				E9968C111F219C42009B3FC0 /* LaunchScreen.storyboard in Resources */,
				E9968C0E1F219C42009B3FC0 /* Assets.xcassets in Resources */,
				E9968C0C1F219C42009B3FC0 /* Main.storyboard in Resources */,
			);
			runOnlyForDeploymentPostprocessing = 0;
		};
/* End PBXResourcesBuildPhase section */

/* Begin PBXSourcesBuildPhase section */
		E9968BFF1F219C42009B3FC0 /* Sources */ = {
			isa = PBXSourcesBuildPhase;
			buildActionMask = 2147483647;
			files = (
				E9968C091F219C42009B3FC0 /* ViewController.swift in Sources */,
				E9968C071F219C42009B3FC0 /* AppDelegate.swift in Sources */,
			);
			runOnlyForDeploymentPostprocessing = 0;
		};
/* End PBXSourcesBuildPhase section */

/* Begin PBXVariantGroup section */
		E9968C0A1F219C42009B3FC0 /* Main.storyboard */ = {
			isa = PBXVariantGroup;
			children = (
				E9968C0B1F219C42009B3FC0 /* Base */,
			);
			name = Main.storyboard;
			sourceTree = "<group>";
		};
		E9968C0F1F219C42009B3FC0 /* LaunchScreen.storyboard */ = {
			isa = PBXVariantGroup;
			children = (
				E9968C101F219C42009B3FC0 /* Base */,
			);
			name = LaunchScreen.storyboard;
			sourceTree = "<group>";
		};
/* End PBXVariantGroup section */

/* Begin XCBuildConfiguration section */
		E9968C131F219C42009B3FC0 /* Debug */ = {
			isa = XCBuildConfiguration;
			buildSettings = {
				ALWAYS_SEARCH_USER_PATHS = NO;
				CLANG_ANALYZER_NONNULL = YES;
				CLANG_ANALYZER_NUMBER_OBJECT_CONVERSION = YES_AGGRESSIVE;
				CLANG_CXX_LANGUAGE_STANDARD = "gnu++0x";
				CLANG_CXX_LIBRARY = "libc++";
				CLANG_ENABLE_MODULES = YES;
				CLANG_ENABLE_OBJC_ARC = YES;
				CLANG_WARN_BOOL_CONVERSION = YES;
				CLANG_WARN_CONSTANT_CONVERSION = YES;
				CLANG_WARN_DIRECT_OBJC_ISA_USAGE = YES_ERROR;
				CLANG_WARN_DOCUMENTATION_COMMENTS = YES;
				CLANG_WARN_EMPTY_BODY = YES;
				CLANG_WARN_ENUM_CONVERSION = YES;
				CLANG_WARN_INFINITE_RECURSION = YES;
				CLANG_WARN_INT_CONVERSION = YES;
				CLANG_WARN_OBJC_ROOT_CLASS = YES_ERROR;
				CLANG_WARN_SUSPICIOUS_MOVE = YES;
				CLANG_WARN_UNREACHABLE_CODE = YES;
				CLANG_WARN__DUPLICATE_METHOD_MATCH = YES;
				"CODE_SIGN_IDENTITY[sdk=iphoneos*]" = "iPhone Developer";
				COPY_PHASE_STRIP = NO;
				DEBUG_INFORMATION_FORMAT = dwarf;
				ENABLE_STRICT_OBJC_MSGSEND = YES;
				ENABLE_TESTABILITY = YES;
				GCC_C_LANGUAGE_STANDARD = gnu99;
				GCC_DYNAMIC_NO_PIC = NO;
				GCC_NO_COMMON_BLOCKS = YES;
				GCC_OPTIMIZATION_LEVEL = 0;
				GCC_PREPROCESSOR_DEFINITIONS = (
					"DEBUG=1",
					"$(inherited)",
				);
				GCC_WARN_64_TO_32_BIT_CONVERSION = YES;
				GCC_WARN_ABOUT_RETURN_TYPE = YES_ERROR;
				GCC_WARN_UNDECLARED_SELECTOR = YES;
				GCC_WARN_UNINITIALIZED_AUTOS = YES_AGGRESSIVE;
				GCC_WARN_UNUSED_FUNCTION = YES;
				GCC_WARN_UNUSED_VARIABLE = YES;
				IPHONEOS_DEPLOYMENT_TARGET = 10.3;
				MTL_ENABLE_DEBUG_INFO = YES;
				ONLY_ACTIVE_ARCH = YES;
				SDKROOT = iphoneos;
				SWIFT_ACTIVE_COMPILATION_CONDITIONS = DEBUG;
				SWIFT_OPTIMIZATION_LEVEL = "-Onone";
			};
			name = Debug;
		};
		E9968C141F219C42009B3FC0 /* Release */ = {
			isa = XCBuildConfiguration;
			buildSettings = {
				ALWAYS_SEARCH_USER_PATHS = NO;
				CLANG_ANALYZER_NONNULL = YES;
				CLANG_ANALYZER_NUMBER_OBJECT_CONVERSION = YES_AGGRESSIVE;
				CLANG_CXX_LANGUAGE_STANDARD = "gnu++0x";
				CLANG_CXX_LIBRARY = "libc++";
				CLANG_ENABLE_MODULES = YES;
				CLANG_ENABLE_OBJC_ARC = YES;
				CLANG_WARN_BOOL_CONVERSION = YES;
				CLANG_WARN_CONSTANT_CONVERSION = YES;
				CLANG_WARN_DIRECT_OBJC_ISA_USAGE = YES_ERROR;
				CLANG_WARN_DOCUMENTATION_COMMENTS = YES;
				CLANG_WARN_EMPTY_BODY = YES;
				CLANG_WARN_ENUM_CONVERSION = YES;
				CLANG_WARN_INFINITE_RECURSION = YES;
				CLANG_WARN_INT_CONVERSION = YES;
				CLANG_WARN_OBJC_ROOT_CLASS = YES_ERROR;
				CLANG_WARN_SUSPICIOUS_MOVE = YES;
				CLANG_WARN_UNREACHABLE_CODE = YES;
				CLANG_WARN__DUPLICATE_METHOD_MATCH = YES;
				"CODE_SIGN_IDENTITY[sdk=iphoneos*]" = "iPhone Developer";
				COPY_PHASE_STRIP = NO;
				DEBUG_INFORMATION_FORMAT = "dwarf-with-dsym";
				ENABLE_NS_ASSERTIONS = NO;
				ENABLE_STRICT_OBJC_MSGSEND = YES;
				GCC_C_LANGUAGE_STANDARD = gnu99;
				GCC_NO_COMMON_BLOCKS = YES;
				GCC_WARN_64_TO_32_BIT_CONVERSION = YES;
				GCC_WARN_ABOUT_RETURN_TYPE = YES_ERROR;
				GCC_WARN_UNDECLARED_SELECTOR = YES;
				GCC_WARN_UNINITIALIZED_AUTOS = YES_AGGRESSIVE;
				GCC_WARN_UNUSED_FUNCTION = YES;
				GCC_WARN_UNUSED_VARIABLE = YES;
				IPHONEOS_DEPLOYMENT_TARGET = 10.3;
				MTL_ENABLE_DEBUG_INFO = NO;
				SDKROOT = iphoneos;
				SWIFT_OPTIMIZATION_LEVEL = "-Owholemodule";
				VALIDATE_PRODUCT = YES;
			};
			name = Release;
		};
		E9968C161F219C42009B3FC0 /* Debug */ = {
			isa = XCBuildConfiguration;
			buildSettings = {
				ASSETCATALOG_COMPILER_APPICON_NAME = AppIcon;
				DEVELOPMENT_TEAM = MD894V3P79;
				INFOPLIST_FILE = QuizApp/Info.plist;
				LD_RUNPATH_SEARCH_PATHS = "$(inherited) @executable_path/Frameworks";
				PRODUCT_BUNDLE_IDENTIFIER = com.Alrashed.QuizApp;
				PRODUCT_NAME = "$(TARGET_NAME)";
				SWIFT_VERSION = 3.0;
			};
			name = Debug;
		};
		E9968C171F219C42009B3FC0 /* Release */ = {
			isa = XCBuildConfiguration;
			buildSettings = {
				ASSETCATALOG_COMPILER_APPICON_NAME = AppIcon;
				DEVELOPMENT_TEAM = MD894V3P79;
				INFOPLIST_FILE = QuizApp/Info.plist;
				LD_RUNPATH_SEARCH_PATHS = "$(inherited) @executable_path/Frameworks";
				PRODUCT_BUNDLE_IDENTIFIER = com.Alrashed.QuizApp;
				PRODUCT_NAME = "$(TARGET_NAME)";
				SWIFT_VERSION = 3.0;
			};
			name = Release;
		};
/* End XCBuildConfiguration section */

/* Begin XCConfigurationList section */
		E9968BFE1F219C42009B3FC0 /* Build configuration list for PBXProject "QuizApp" */ = {
			isa = XCConfigurationList;
			buildConfigurations = (
				E9968C131F219C42009B3FC0 /* Debug */,
				E9968C141F219C42009B3FC0 /* Release */,
			);
			defaultConfigurationIsVisible = 0;
			defaultConfigurationName = Release;
		};
		E9968C151F219C42009B3FC0 /* Build configuration list for PBXNativeTarget "QuizApp" */ = {
			isa = XCConfigurationList;
			buildConfigurations = (
				E9968C161F219C42009B3FC0 /* Debug */,
				E9968C171F219C42009B3FC0 /* Release */,
			);
			defaultConfigurationIsVisible = 0;
		};
/* End XCConfigurationList section */
	};
	rootObject = E9968BFB1F219C42009B3FC0 /* Project object */;
}
